{
  "requires": true,
  "lockfileVersion": 1,
  "dependencies": {
    "emailjs-com": {
      "version": "2.4.0",
      "resolved": "https://registry.npmjs.org/emailjs-com/-/emailjs-com-2.4.0.tgz",
      "integrity": "sha512-0g4bmNmsP1qZNxni1ta5Vytg/UZ8KinFTCat0zxOV3ziGZLkMhwVYRxNRLq7EASWL23yrLGkMwvE8UIrJtnpWw=="
    }
  }
}
